
Microsoft Visual Studio Solution File, Format Version 12.00
# Visual Studio Version 17
VisualStudioVersion = 17.0.31903.59
MinimumVisualStudioVersion = 10.0.40219.1
Project("{2150E333-8FDC-42A3-9474-1A3956D46DE8}") = "src", "src", "{827E0CD3-B72D-47B6-A68D-7590B98EB39B}"
EndProject
Project("{FAE04EC0-301F-11D3-BF4B-00C04F79EFBC}") = "Cbix.Core", "src\Cbix.Core\Cbix.Core.csproj", "{8964390A-1916-427C-BD98-81C0399F3A44}"
EndProject
Project("{FAE04EC0-301F-11D3-BF4B-00C04F79EFBC}") = "Cbix.Worker", "src\Cbix.Worker\Cbix.Worker.csproj", "{AADEDC52-CBE3-4706-898F-D9CABF2BA1ED}"
EndProject
Project("{2150E333-8FDC-42A3-9474-1A3956D46DE8}") = "tests", "tests", "{0AB3BF05-4346-4AA6-1389-037BE0695223}"
EndProject
Project("{FAE04EC0-301F-11D3-BF4B-00C04F79EFBC}") = "Cbix.UnitTests", "tests\Cbix.UnitTests\Cbix.UnitTests.csproj", "{2BF19043-932B-4191-92DE-E174A018B718}"
EndProject
Project("{FAE04EC0-301F-11D3-BF4B-00C04F79EFBC}") = "Cbix.Bdd", "tests\Cbix.Bdd\Cbix.Bdd.csproj", "{9DDB36F0-B9EE-4889-A3C7-9246CAA0B0B7}"
EndProject
Global
	GlobalSection(SolutionConfigurationPlatforms) = preSolution
		Debug|Any CPU = Debug|Any CPU
		Debug|x64 = Debug|x64
		Debug|x86 = Debug|x86
		Release|Any CPU = Release|Any CPU
		Release|x64 = Release|x64
		Release|x86 = Release|x86
	EndGlobalSection
	GlobalSection(ProjectConfigurationPlatforms) = postSolution
		{8964390A-1916-427C-BD98-81C0399F3A44}.Debug|Any CPU.ActiveCfg = Debug|Any CPU
		{8964390A-1916-427C-BD98-81C0399F3A44}.Debug|Any CPU.Build.0 = Debug|Any CPU
		{8964390A-1916-427C-BD98-81C0399F3A44}.Debug|x64.ActiveCfg = Debug|Any CPU
		{8964390A-1916-427C-BD98-81C0399F3A44}.Debug|x64.Build.0 = Debug|Any CPU
		{8964390A-1916-427C-BD98-81C0399F3A44}.Debug|x86.ActiveCfg = Debug|Any CPU
		{8964390A-1916-427C-BD98-81C0399F3A44}.Debug|x86.Build.0 = Debug|Any CPU
		{8964390A-1916-427C-BD98-81C0399F3A44}.Release|Any CPU.ActiveCfg = Release|Any CPU
		{8964390A-1916-427C-BD98-81C0399F3A44}.Release|Any CPU.Build.0 = Release|Any CPU
		{8964390A-1916-427C-BD98-81C0399F3A44}.Release|x64.ActiveCfg = Release|Any CPU
		{8964390A-1916-427C-BD98-81C0399F3A44}.Release|x64.Build.0 = Release|Any CPU
		{8964390A-1916-427C-BD98-81C0399F3A44}.Release|x86.ActiveCfg = Release|Any CPU
		{8964390A-1916-427C-BD98-81C0399F3A44}.Release|x86.Build.0 = Release|Any CPU
		{AADEDC52-CBE3-4706-898F-D9CABF2BA1ED}.Debug|Any CPU.ActiveCfg = Debug|Any CPU
		{AADEDC52-CBE3-4706-898F-D9CABF2BA1ED}.Debug|Any CPU.Build.0 = Debug|Any CPU
		{AADEDC52-CBE3-4706-898F-D9CABF2BA1ED}.Debug|x64.ActiveCfg = Debug|Any CPU
		{AADEDC52-CBE3-4706-898F-D9CABF2BA1ED}.Debug|x64.Build.0 = Debug|Any CPU
		{AADEDC52-CBE3-4706-898F-D9CABF2BA1ED}.Debug|x86.ActiveCfg = Debug|Any CPU
		{AADEDC52-CBE3-4706-898F-D9CABF2BA1ED}.Debug|x86.Build.0 = Debug|Any CPU
		{AADEDC52-CBE3-4706-898F-D9CABF2BA1ED}.Release|Any CPU.ActiveCfg = Release|Any CPU
		{AADEDC52-CBE3-4706-898F-D9CABF2BA1ED}.Release|Any CPU.Build.0 = Release|Any CPU
		{AADEDC52-CBE3-4706-898F-D9CABF2BA1ED}.Release|x64.ActiveCfg = Release|Any CPU
		{AADEDC52-CBE3-4706-898F-D9CABF2BA1ED}.Release|x64.Build.0 = Release|Any CPU
		{AADEDC52-CBE3-4706-898F-D9CABF2BA1ED}.Release|x86.ActiveCfg = Release|Any CPU
		{AADEDC52-CBE3-4706-898F-D9CABF2BA1ED}.Release|x86.Build.0 = Release|Any CPU
		{2BF19043-932B-4191-92DE-E174A018B718}.Debug|Any CPU.ActiveCfg = Debug|Any CPU
		{2BF19043-932B-4191-92DE-E174A018B718}.Debug|Any CPU.Build.0 = Debug|Any CPU
		{2BF19043-932B-4191-92DE-E174A018B718}.Debug|x64.ActiveCfg = Debug|Any CPU
		{2BF19043-932B-4191-92DE-E174A018B718}.Debug|x64.Build.0 = Debug|Any CPU
		{2BF19043-932B-4191-92DE-E174A018B718}.Debug|x86.ActiveCfg = Debug|Any CPU
		{2BF19043-932B-4191-92DE-E174A018B718}.Debug|x86.Build.0 = Debug|Any CPU
		{2BF19043-932B-4191-92DE-E174A018B718}.Release|Any CPU.ActiveCfg = Release|Any CPU
		{2BF19043-932B-4191-92DE-E174A018B718}.Release|Any CPU.Build.0 = Release|Any CPU
		{2BF19043-932B-4191-92DE-E174A018B718}.Release|x64.ActiveCfg = Release|Any CPU
		{2BF19043-932B-4191-92DE-E174A018B718}.Release|x64.Build.0 = Release|Any CPU
		{2BF19043-932B-4191-92DE-E174A018B718}.Release|x86.ActiveCfg = Release|Any CPU
		{2BF19043-932B-4191-92DE-E174A018B718}.Release|x86.Build.0 = Release|Any CPU
		{9DDB36F0-B9EE-4889-A3C7-9246CAA0B0B7}.Debug|Any CPU.ActiveCfg = Debug|Any CPU
		{9DDB36F0-B9EE-4889-A3C7-9246CAA0B0B7}.Debug|Any CPU.Build.0 = Debug|Any CPU
		{9DDB36F0-B9EE-4889-A3C7-9246CAA0B0B7}.Debug|x64.ActiveCfg = Debug|Any CPU
		{9DDB36F0-B9EE-4889-A3C7-9246CAA0B0B7}.Debug|x64.Build.0 = Debug|Any CPU
		{9DDB36F0-B9EE-4889-A3C7-9246CAA0B0B7}.Debug|x86.ActiveCfg = Debug|Any CPU
		{9DDB36F0-B9EE-4889-A3C7-9246CAA0B0B7}.Debug|x86.Build.0 = Debug|Any CPU
		{9DDB36F0-B9EE-4889-A3C7-9246CAA0B0B7}.Release|Any CPU.ActiveCfg = Release|Any CPU
		{9DDB36F0-B9EE-4889-A3C7-9246CAA0B0B7}.Release|Any CPU.Build.0 = Release|Any CPU
		{9DDB36F0-B9EE-4889-A3C7-9246CAA0B0B7}.Release|x64.ActiveCfg = Release|Any CPU
		{9DDB36F0-B9EE-4889-A3C7-9246CAA0B0B7}.Release|x64.Build.0 = Release|Any CPU
		{9DDB36F0-B9EE-4889-A3C7-9246CAA0B0B7}.Release|x86.ActiveCfg = Release|Any CPU
		{9DDB36F0-B9EE-4889-A3C7-9246CAA0B0B7}.Release|x86.Build.0 = Release|Any CPU
	EndGlobalSection
	GlobalSection(SolutionProperties) = preSolution
		HideSolutionNode = FALSE
	EndGlobalSection
	GlobalSection(NestedProjects) = preSolution
		{8964390A-1916-427C-BD98-81C0399F3A44} = {827E0CD3-B72D-47B6-A68D-7590B98EB39B}
		{AADEDC52-CBE3-4706-898F-D9CABF2BA1ED} = {827E0CD3-B72D-47B6-A68D-7590B98EB39B}
		{2BF19043-932B-4191-92DE-E174A018B718} = {0AB3BF05-4346-4AA6-1389-037BE0695223}
		{9DDB36F0-B9EE-4889-A3C7-9246CAA0B0B7} = {0AB3BF05-4346-4AA6-1389-037BE0695223}
	EndGlobalSection
EndGlobal
